
Microsoft Visual Studio Solution File, Format Version 12.00
# Visual Studio Version 17
VisualStudioVersion = 17.4.33110.190
MinimumVisualStudioVersion = 10.0.40219.1
Project("{9A19103F-16F7-4668-BE54-9A1E7A4F7556}") = "CRUD", "Jogo\CRUD.csproj", "{53588F1D-4CD7-43A0-BA04-75DF650F7981}"
EndProject
Project("{9A19103F-16F7-4668-BE54-9A1E7A4F7556}") = "JogoAPI", "JogoAPI\JogoAPI.csproj", "{2689116A-5650-4CB3-8358-D3687BA160BF}"
EndProject
Global
	GlobalSection(SolutionConfigurationPlatforms) = preSolution
		Debug|Any CPU = Debug|Any CPU
		Release|Any CPU = Release|Any CPU
	EndGlobalSection
	GlobalSection(ProjectConfigurationPlatforms) = postSolution
		{53588F1D-4CD7-43A0-BA04-75DF650F7981}.Debug|Any CPU.ActiveCfg = Debug|Any CPU
		{53588F1D-4CD7-43A0-BA04-75DF650F7981}.Debug|Any CPU.Build.0 = Debug|Any CPU
		{53588F1D-4CD7-43A0-BA04-75DF650F7981}.Release|Any CPU.ActiveCfg = Release|Any CPU
		{53588F1D-4CD7-43A0-BA04-75DF650F7981}.Release|Any CPU.Build.0 = Release|Any CPU
		{2689116A-5650-4CB3-8358-D3687BA160BF}.Debug|Any CPU.ActiveCfg = Debug|Any CPU
		{2689116A-5650-4CB3-8358-D3687BA160BF}.Debug|Any CPU.Build.0 = Debug|Any CPU
		{2689116A-5650-4CB3-8358-D3687BA160BF}.Release|Any CPU.ActiveCfg = Release|Any CPU
		{2689116A-5650-4CB3-8358-D3687BA160BF}.Release|Any CPU.Build.0 = Release|Any CPU
	EndGlobalSection
	GlobalSection(SolutionProperties) = preSolution
		HideSolutionNode = FALSE
	EndGlobalSection
	GlobalSection(ExtensibilityGlobals) = postSolution
		SolutionGuid = {3C3D4CEB-D4DA-4C40-A51B-A2B95FF33F3D}
	EndGlobalSection
EndGlobal
